
Microsoft Visual Studio Solution File, Format Version 12.00
# Visual Studio Version 16
VisualStudioVersion = 16.0.30413.136
MinimumVisualStudioVersion = 10.0.40219.1
Project("{FAE04EC0-301F-11D3-BF4B-00C04F79EFBC}") = "TechnicalAssignment2a", "TechnicalAssignment2a.csproj", "{199C4D92-FA44-4923-A1DD-9EFFD2027CC4}"
EndProject
Global
	GlobalSection(SolutionConfigurationPlatforms) = preSolution
		Debug|Any CPU = Debug|Any CPU
		Release|Any CPU = Release|Any CPU
	EndGlobalSection
	GlobalSection(ProjectConfigurationPlatforms) = postSolution
		{199C4D92-FA44-4923-A1DD-9EFFD2027CC4}.Debug|Any CPU.ActiveCfg = Debug|Any CPU
		{199C4D92-FA44-4923-A1DD-9EFFD2027CC4}.Debug|Any CPU.Build.0 = Debug|Any CPU
		{199C4D92-FA44-4923-A1DD-9EFFD2027CC4}.Release|Any CPU.ActiveCfg = Release|Any CPU
		{199C4D92-FA44-4923-A1DD-9EFFD2027CC4}.Release|Any CPU.Build.0 = Release|Any CPU
	EndGlobalSection
	GlobalSection(SolutionProperties) = preSolution
		HideSolutionNode = FALSE
	EndGlobalSection
	GlobalSection(ExtensibilityGlobals) = postSolution
		SolutionGuid = {74D16EEB-64D9-4366-9F12-12823CA221C1}
	EndGlobalSection
EndGlobal
